Microsoft Visual Studio Solution File, Format Version 11.00
# Visual Studio 2010
Project("{FAE04EC0-301F-11D3-BF4B-00C04F79EFBC}") = "FubuMVC.Diagnostics", "FubuMVC.Diagnostics\FubuMVC.Diagnostics.csproj", "{A1DEB080-5A9A-44B4-A10B-84DA9BD07AF5}"
EndProject
Project("{FAE04EC0-301F-11D3-BF4B-00C04F79EFBC}") = "FubuMVC.Diagnostics.Tests", "FubuMVC.Diagnostics.Tests\FubuMVC.Diagnostics.Tests.csproj", "{99A53042-2455-464F-A68E-00C401B177C0}"
EndProject
Project("{FAE04EC0-301F-11D3-BF4B-00C04F79EFBC}") = "DiagnosticsHarness", "DiagnosticsHarness\DiagnosticsHarness.csproj", "{EE691634-CD62-4C63-95D5-C59E695BF9C8}"
EndProject
Global
	GlobalSection(SolutionConfigurationPlatforms) = preSolution
		Debug|Any CPU = Debug|Any CPU
		Release|Any CPU = Release|Any CPU
	EndGlobalSection
	GlobalSection(ProjectConfigurationPlatforms) = postSolution
		{A1DEB080-5A9A-44B4-A10B-84DA9BD07AF5}.Debug|Any CPU.ActiveCfg = Debug|Any CPU
		{A1DEB080-5A9A-44B4-A10B-84DA9BD07AF5}.Debug|Any CPU.Build.0 = Debug|Any CPU
		{A1DEB080-5A9A-44B4-A10B-84DA9BD07AF5}.Release|Any CPU.ActiveCfg = Release|Any CPU
		{A1DEB080-5A9A-44B4-A10B-84DA9BD07AF5}.Release|Any CPU.Build.0 = Release|Any CPU
		{99A53042-2455-464F-A68E-00C401B177C0}.Debug|Any CPU.ActiveCfg = Debug|Any CPU
		{99A53042-2455-464F-A68E-00C401B177C0}.Debug|Any CPU.Build.0 = Debug|Any CPU
		{99A53042-2455-464F-A68E-00C401B177C0}.Release|Any CPU.ActiveCfg = Release|Any CPU
		{99A53042-2455-464F-A68E-00C401B177C0}.Release|Any CPU.Build.0 = Release|Any CPU
		{EE691634-CD62-4C63-95D5-C59E695BF9C8}.Debug|Any CPU.ActiveCfg = Debug|Any CPU
		{EE691634-CD62-4C63-95D5-C59E695BF9C8}.Debug|Any CPU.Build.0 = Debug|Any CPU
		{EE691634-CD62-4C63-95D5-C59E695BF9C8}.Release|Any CPU.ActiveCfg = Release|Any CPU
		{EE691634-CD62-4C63-95D5-C59E695BF9C8}.Release|Any CPU.Build.0 = Release|Any CPU
	EndGlobalSection
	GlobalSection(SolutionProperties) = preSolution
		HideSolutionNode = FALSE
	EndGlobalSection
EndGlobal
